// !$*UTF8*$!
{
	archiveVersion = 1;
	classes = {
	};
	objectVersion = 50;
	objects = {

/* Begin PBXBuildFile section */
		65BCA8C42121604300C341CF /* AppDelegate.m in Sources */ = {isa = PBXBuildFile; fileRef = 65BCA8C32121604300C341CF /* AppDelegate.m */; };
		65BCA8C72121604300C341CF /* ViewController.m in Sources */ = {isa = PBXBuildFile; fileRef = 65BCA8C62121604300C341CF /* ViewController.m */; };
		65BCA8CA2121604400C341CF /* Main.storyboard in Resources */ = {isa = PBXBuildFile; fileRef = 65BCA8C82121604400C341CF /* Main.storyboard */; };
		65BCA8CC2121604C00C341CF /* Assets.xcassets in Resources */ = {isa = PBXBuildFile; fileRef = 65BCA8CB2121604C00C341CF /* Assets.xcassets */; };
		65BCA8CF2121604C00C341CF /* LaunchScreen.storyboard in Resources */ = {isa = PBXBuildFile; fileRef = 65BCA8CD2121604C00C341CF /* LaunchScreen.storyboard */; };
		65BCA8D22121604C00C341CF /* main.m in Sources */ = {isa = PBXBuildFile; fileRef = 65BCA8D12121604C00C341CF /* main.m */; };
		65BCA8DA21216E2E00C341CF /* JWFriend.m in Sources */ = {isa = PBXBuildFile; fileRef = 65BCA8D921216E2E00C341CF /* JWFriend.m */; };
/* End PBXBuildFile section */

/* Begin PBXFileReference section */
		65BCA8BF2121604300C341CF /* JWRuntimeMethodDemo.app */ = {isa = PBXFileReference; explicitFileType = wrapper.application; includeInIndex = 0; path = JWRuntimeMethodDemo.app; sourceTree = BUILT_PRODUCTS_DIR; };
		65BCA8C22121604300C341CF /* AppDelegate.h */ = {isa = PBXFileReference; lastKnownFileType = sourcecode.c.h; path = AppDelegate.h; sourceTree = "<group>"; };
		65BCA8C32121604300C341CF /* AppDelegate.m */ = {isa = PBXFileReference; lastKnownFileType = sourcecode.c.objc; path = AppDelegate.m; sourceTree = "<group>"; };
		65BCA8C52121604300C341CF /* ViewController.h */ = {isa = PBXFileReference; lastKnownFileType = sourcecode.c.h; path = ViewController.h; sourceTree = "<group>"; };
		65BCA8C62121604300C341CF /* ViewController.m */ = {isa = PBXFileReference; lastKnownFileType = sourcecode.c.objc; path = ViewController.m; sourceTree = "<group>"; };
		65BCA8C92121604400C341CF /* Base */ = {isa = PBXFileReference; lastKnownFileType = file.storyboard; name = Base; path = Base.lproj/Main.storyboard; sourceTree = "<group>"; };
		65BCA8CB2121604C00C341CF /* Assets.xcassets */ = {isa = PBXFileReference; lastKnownFileType = folder.assetcatalog; path = Assets.xcassets; sourceTree = "<group>"; };
		65BCA8CE2121604C00C341CF /* Base */ = {isa = PBXFileReference; lastKnownFileType = file.storyboard; name = Base; path = Base.lproj/LaunchScreen.storyboard; sourceTree = "<group>"; };
		65BCA8D02121604C00C341CF /* Info.plist */ = {isa = PBXFileReference; lastKnownFileType = text.plist.xml; path = Info.plist; sourceTree = "<group>"; };
		65BCA8D12121604C00C341CF /* main.m */ = {isa = PBXFileReference; lastKnownFileType = sourcecode.c.objc; path = main.m; sourceTree = "<group>"; };
		65BCA8D821216E2E00C341CF /* JWFriend.h */ = {isa = PBXFileReference; lastKnownFileType = sourcecode.c.h; path = JWFriend.h; sourceTree = "<group>"; };
		65BCA8D921216E2E00C341CF /* JWFriend.m */ = {isa = PBXFileReference; lastKnownFileType = sourcecode.c.objc; path = JWFriend.m; sourceTree = "<group>"; };
/* End PBXFileReference section */

/* Begin PBXFrameworksBuildPhase section */
		65BCA8BC2121604300C341CF /* Frameworks */ = {
			isa = PBXFrameworksBuildPhase;
			buildActionMask = 2147483647;
			files = (
			);
			runOnlyForDeploymentPostprocessing = 0;
		};
/* End PBXFrameworksBuildPhase section */

/* Begin PBXGroup section */
		65BCA8B62121604300C341CF = {
			isa = PBXGroup;
			children = (
				65BCA8C12121604300C341CF /* JWRuntimeMethodDemo */,
				65BCA8C02121604300C341CF /* Products */,
			);
			sourceTree = "<group>";
		};
		65BCA8C02121604300C341CF /* Products */ = {
			isa = PBXGroup;
			children = (
				65BCA8BF2121604300C341CF /* JWRuntimeMethodDemo.app */,
			);
			name = Products;
			sourceTree = "<group>";
		};
		65BCA8C12121604300C341CF /* JWRuntimeMethodDemo */ = {
			isa = PBXGroup;
			children = (
				65BCA8C22121604300C341CF /* AppDelegate.h */,
				65BCA8C32121604300C341CF /* AppDelegate.m */,
				65BCA8C52121604300C341CF /* ViewController.h */,
				65BCA8C62121604300C341CF /* ViewController.m */,
				65BCA8C82121604400C341CF /* Main.storyboard */,
				65BCA8CB2121604C00C341CF /* Assets.xcassets */,
				65BCA8CD2121604C00C341CF /* LaunchScreen.storyboard */,
				65BCA8D02121604C00C341CF /* Info.plist */,
				65BCA8D12121604C00C341CF /* main.m */,
				65BCA8D821216E2E00C341CF /* JWFriend.h */,
				65BCA8D921216E2E00C341CF /* JWFriend.m */,
			);
			path = JWRuntimeMethodDemo;
			sourceTree = "<group>";
		};
/* End PBXGroup section */

/* Begin PBXNativeTarget section */
		65BCA8BE2121604300C341CF /* JWRuntimeMethodDemo */ = {
			isa = PBXNativeTarget;
			buildConfigurationList = 65BCA8D52121604C00C341CF /* Build configuration list for PBXNativeTarget "JWRuntimeMethodDemo" */;
			buildPhases = (
				65BCA8BB2121604300C341CF /* Sources */,
				65BCA8BC2121604300C341CF /* Frameworks */,
				65BCA8BD2121604300C341CF /* Resources */,
			);
			buildRules = (
			);
			dependencies = (
			);
			name = JWRuntimeMethodDemo;
			productName = JWRuntimeMethodDemo;
			productReference = 65BCA8BF2121604300C341CF /* JWRuntimeMethodDemo.app */;
			productType = "com.apple.product-type.application";
		};
/* End PBXNativeTarget section */

/* Begin PBXProject section */
		65BCA8B72121604300C341CF /* Project object */ = {
			isa = PBXProject;
			attributes = {
				CLASSPREFIX = JW;
				LastUpgradeCheck = 0940;
				ORGANIZATIONNAME = JessieWu;
				TargetAttributes = {
					65BCA8BE2121604300C341CF = {
						CreatedOnToolsVersion = 9.4.1;
					};
				};
			};
			buildConfigurationList = 65BCA8BA2121604300C341CF /* Build configuration list for PBXProject "JWRuntimeMethodDemo" */;
			compatibilityVersion = "Xcode 9.3";
			developmentRegion = en;
			hasScannedForEncodings = 0;
			knownRegions = (
				en,
				Base,
			);
			mainGroup = 65BCA8B62121604300C341CF;
			productRefGroup = 65BCA8C02121604300C341CF /* Products */;
			projectDirPath = "";
			projectRoot = "";
			targets = (
				65BCA8BE2121604300C341CF /* JWRuntimeMethodDemo */,
			);
		};
/* End PBXProject section */

/* Begin PBXResourcesBuildPhase section */
		65BCA8BD2121604300C341CF /* Resources */ = {
			isa = PBXResourcesBuildPhase;
			buildActionMask = 2147483647;
			files = (
				65BCA8CF2121604C00C341CF /* LaunchScreen.storyboard in Resources */,
				65BCA8CC2121604C00C341CF /* Assets.xcassets in Resources */,
				65BCA8CA2121604400C341CF /* Main.storyboard in Resources */,
			);
			runOnlyForDeploymentPostprocessing = 0;
		};
/* End PBXResourcesBuildPhase section */

/* Begin PBXSourcesBuildPhase section */
		65BCA8BB2121604300C341CF /* Sources */ = {
			isa = PBXSourcesBuildPhase;
			buildActionMask = 2147483647;
			files = (
				65BCA8C72121604300C341CF /* ViewController.m in Sources */,
				65BCA8D22121604C00C341CF /* main.m in Sources */,
				65BCA8DA21216E2E00C341CF /* JWFriend.m in Sources */,
				65BCA8C42121604300C341CF /* AppDelegate.m in Sources */,
			);
			runOnlyForDeploymentPostprocessing = 0;
		};
/* End PBXSourcesBuildPhase section */

/* Begin PBXVariantGroup section */
		65BCA8C82121604400C341CF /* Main.storyboard */ = {
			isa = PBXVariantGroup;
			children = (
				65BCA8C92121604400C341CF /* Base */,
			);
			name = Main.storyboard;
			sourceTree = "<group>";
		};
		65BCA8CD2121604C00C341CF /* LaunchScreen.storyboard */ = {
			isa = PBXVariantGroup;
			children = (
				65BCA8CE2121604C00C341CF /* Base */,
			);
			name = LaunchScreen.storyboard;
			sourceTree = "<group>";
		};
/* End PBXVariantGroup section */

/* Begin XCBuildConfiguration section */
		65BCA8D32121604C00C341CF /* Debug */ = {
			isa = XCBuildConfiguration;
			buildSettings = {
				ALWAYS_SEARCH_USER_PATHS = NO;
				CLANG_ANALYZER_NONNULL = YES;
				CLANG_ANALYZER_NUMBER_OBJECT_CONVERSION = YES_AGGRESSIVE;
				CLANG_CXX_LANGUAGE_STANDARD = "gnu++14";
				CLANG_CXX_LIBRARY = "libc++";
				CLANG_ENABLE_MODULES = YES;
				CLANG_ENABLE_OBJC_ARC = YES;
				CLANG_ENABLE_OBJC_WEAK = YES;
				CLANG_WARN_BLOCK_CAPTURE_AUTORELEASING = YES;
				CLANG_WARN_BOOL_CONVERSION = YES;
				CLANG_WARN_COMMA = YES;
				CLANG_WARN_CONSTANT_CONVERSION = YES;
				CLANG_WARN_DEPRECATED_OBJC_IMPLEMENTATIONS = YES;
				CLANG_WARN_DIRECT_OBJC_ISA_USAGE = YES_ERROR;
				CLANG_WARN_DOCUMENTATION_COMMENTS = YES;
				CLANG_WARN_EMPTY_BODY = YES;
				CLANG_WARN_ENUM_CONVERSION = YES;
				CLANG_WARN_INFINITE_RECURSION = YES;
				CLANG_WARN_INT_CONVERSION = YES;
				CLANG_WARN_NON_LITERAL_NULL_CONVERSION = YES;
				CLANG_WARN_OBJC_IMPLICIT_RETAIN_SELF = YES;
				CLANG_WARN_OBJC_LITERAL_CONVERSION = YES;
				CLANG_WARN_OBJC_ROOT_CLASS = YES_ERROR;
				CLANG_WARN_RANGE_LOOP_ANALYSIS = YES;
				CLANG_WARN_STRICT_PROTOTYPES = YES;
				CLANG_WARN_SUSPICIOUS_MOVE = YES;
				CLANG_WARN_UNGUARDED_AVAILABILITY = YES_AGGRESSIVE;
				CLANG_WARN_UNREACHABLE_CODE = YES;
				CLANG_WARN__DUPLICATE_METHOD_MATCH = YES;
				CODE_SIGN_IDENTITY = "iPhone Developer";
				COPY_PHASE_STRIP = NO;
				DEBUG_INFORMATION_FORMAT = dwarf;
				ENABLE_STRICT_OBJC_MSGSEND = YES;
				ENABLE_TESTABILITY = YES;
				GCC_C_LANGUAGE_STANDARD = gnu11;
				GCC_DYNAMIC_NO_PIC = NO;
				GCC_NO_COMMON_BLOCKS = YES;
				GCC_OPTIMIZATION_LEVEL = 0;
				GCC_PREPROCESSOR_DEFINITIONS = (
					"DEBUG=1",
					"$(inherited)",
				);
				GCC_WARN_64_TO_32_BIT_CONVERSION = YES;
				GCC_WARN_ABOUT_RETURN_TYPE = YES_ERROR;
				GCC_WARN_UNDECLARED_SELECTOR = YES;
				GCC_WARN_UNINITIALIZED_AUTOS = YES_AGGRESSIVE;
				GCC_WARN_UNUSED_FUNCTION = YES;
				GCC_WARN_UNUSED_VARIABLE = YES;
				IPHONEOS_DEPLOYMENT_TARGET = 11.4;
				MTL_ENABLE_DEBUG_INFO = YES;
				ONLY_ACTIVE_ARCH = YES;
				SDKROOT = iphoneos;
			};
			name = Debug;
		};
		65BCA8D42121604C00C341CF /* Release */ = {
			isa = XCBuildConfiguration;
			buildSettings = {
				ALWAYS_SEARCH_USER_PATHS = NO;
				CLANG_ANALYZER_NONNULL = YES;
				CLANG_ANALYZER_NUMBER_OBJECT_CONVERSION = YES_AGGRESSIVE;
				CLANG_CXX_LANGUAGE_STANDARD = "gnu++14";
				CLANG_CXX_LIBRARY = "libc++";
				CLANG_ENABLE_MODULES = YES;
				CLANG_ENABLE_OBJC_ARC = YES;
				CLANG_ENABLE_OBJC_WEAK = YES;
				CLANG_WARN_BLOCK_CAPTURE_AUTORELEASING = YES;
				CLANG_WARN_BOOL_CONVERSION = YES;
				CLANG_WARN_COMMA = YES;
				CLANG_WARN_CONSTANT_CONVERSION = YES;
				CLANG_WARN_DEPRECATED_OBJC_IMPLEMENTATIONS = YES;
				CLANG_WARN_DIRECT_OBJC_ISA_USAGE = YES_ERROR;
				CLANG_WARN_DOCUMENTATION_COMMENTS = YES;
				CLANG_WARN_EMPTY_BODY = YES;
				CLANG_WARN_ENUM_CONVERSION = YES;
				CLANG_WARN_INFINITE_RECURSION = YES;
				CLANG_WARN_INT_CONVERSION = YES;
				CLANG_WARN_NON_LITERAL_NULL_CONVERSION = YES;
				CLANG_WARN_OBJC_IMPLICIT_RETAIN_SELF = YES;
				CLANG_WARN_OBJC_LITERAL_CONVERSION = YES;
				CLANG_WARN_OBJC_ROOT_CLASS = YES_ERROR;
				CLANG_WARN_RANGE_LOOP_ANALYSIS = YES;
				CLANG_WARN_STRICT_PROTOTYPES = YES;
				CLANG_WARN_SUSPICIOUS_MOVE = YES;
				CLANG_WARN_UNGUARDED_AVAILABILITY = YES_AGGRESSIVE;
				CLANG_WARN_UNREACHABLE_CODE = YES;
				CLANG_WARN__DUPLICATE_METHOD_MATCH = YES;
				CODE_SIGN_IDENTITY = "iPhone Developer";
				COPY_PHASE_STRIP = NO;
				DEBUG_INFORMATION_FORMAT = "dwarf-with-dsym";
				ENABLE_NS_ASSERTIONS = NO;
				ENABLE_STRICT_OBJC_MSGSEND = YES;
				GCC_C_LANGUAGE_STANDARD = gnu11;
				GCC_NO_COMMON_BLOCKS = YES;
				GCC_WARN_64_TO_32_BIT_CONVERSION = YES;
				GCC_WARN_ABOUT_RETURN_TYPE = YES_ERROR;
				GCC_WARN_UNDECLARED_SELECTOR = YES;
				GCC_WARN_UNINITIALIZED_AUTOS = YES_AGGRESSIVE;
				GCC_WARN_UNUSED_FUNCTION = YES;
				GCC_WARN_UNUSED_VARIABLE = YES;
				IPHONEOS_DEPLOYMENT_TARGET = 11.4;
				MTL_ENABLE_DEBUG_INFO = NO;
				SDKROOT = iphoneos;
				VALIDATE_PRODUCT = YES;
			};
			name = Release;
		};
		65BCA8D62121604C00C341CF /* Debug */ = {
			isa = XCBuildConfiguration;
			buildSettings = {
				ASSETCATALOG_COMPILER_APPICON_NAME = AppIcon;
				CODE_SIGN_STYLE = Automatic;
				DEVELOPMENT_TEAM = DT8MY6DL3S;
				INFOPLIST_FILE = JWRuntimeMethodDemo/Info.plist;
				LD_RUNPATH_SEARCH_PATHS = (
					"$(inherited)",
					"@executable_path/Frameworks",
				);
				PRODUCT_BUNDLE_IDENTIFIER = jessiewu.JWRuntimeMethodDemo;
				PRODUCT_NAME = "$(TARGET_NAME)";
				TARGETED_DEVICE_FAMILY = "1,2";
			};
			name = Debug;
		};
		65BCA8D72121604C00C341CF /* Release */ = {
			isa = XCBuildConfiguration;
			buildSettings = {
				ASSETCATALOG_COMPILER_APPICON_NAME = AppIcon;
				CODE_SIGN_STYLE = Automatic;
				DEVELOPMENT_TEAM = DT8MY6DL3S;
				INFOPLIST_FILE = JWRuntimeMethodDemo/Info.plist;
				LD_RUNPATH_SEARCH_PATHS = (
					"$(inherited)",
					"@executable_path/Frameworks",
				);
				PRODUCT_BUNDLE_IDENTIFIER = jessiewu.JWRuntimeMethodDemo;
				PRODUCT_NAME = "$(TARGET_NAME)";
				TARGETED_DEVICE_FAMILY = "1,2";
			};
			name = Release;
		};
/* End XCBuildConfiguration section */

/* Begin XCConfigurationList section */
		65BCA8BA2121604300C341CF /* Build configuration list for PBXProject "JWRuntimeMethodDemo" */ = {
			isa = XCConfigurationList;
			buildConfigurations = (
				65BCA8D32121604C00C341CF /* Debug */,
				65BCA8D42121604C00C341CF /* Release */,
			);
			defaultConfigurationIsVisible = 0;
			defaultConfigurationName = Release;
		};
		65BCA8D52121604C00C341CF /* Build configuration list for PBXNativeTarget "JWRuntimeMethodDemo" */ = {
			isa = XCConfigurationList;
			buildConfigurations = (
				65BCA8D62121604C00C341CF /* Debug */,
				65BCA8D72121604C00C341CF /* Release */,
			);
			defaultConfigurationIsVisible = 0;
			defaultConfigurationName = Release;
		};
/* End XCConfigurationList section */
	};
	rootObject = 65BCA8B72121604300C341CF /* Project object */;
}
